
Microsoft Visual Studio Solution File, Format Version 12.00
Project("{FAE04EC0-301F-11D3-BF4B-00C04F79EFBC}") = "Poe2scout.Api", "Poe2scout.Api\Poe2scout.Api.csproj", "{252B7BFE-93B4-4A5C-944A-A1DC4A327D8C}"
EndProject
Project("{FAE04EC0-301F-11D3-BF4B-00C04F79EFBC}") = "Poe2scout", "Poe2scout\Poe2scout.csproj", "{30AABAFF-1700-44EB-8AC8-048DBE485670}"
EndProject
Project("{FAE04EC0-301F-11D3-BF4B-00C04F79EFBC}") = "Poe2scout.Api.Tests", "Poe2scout.Api.Tests\Poe2scout.Api.Tests.csproj", "{A907D0AA-A648-4492-B723-2643760672AF}"
EndProject
Project("{FAE04EC0-301F-11D3-BF4B-00C04F79EFBC}") = "Poe2scout.CurrencyPriceLog.Worker", "Poe2scout.CurrencyPriceLog.Worker\Poe2scout.CurrencyPriceLog.Worker.csproj", "{04D66291-4A9D-478E-B08D-0EE3767E1F71}"
EndProject
Project("{FAE04EC0-301F-11D3-BF4B-00C04F79EFBC}") = "Poe2scout.CurrencyPriceLog.Worker.Tests", "Poe2scout.CurrencyPriceLog.Worker.Tests\Poe2scout.CurrencyPriceLog.Worker.Tests.csproj", "{571C6732-E8B9-44D8-B13F-ED895C05EC08}"
EndProject
Project("{FAE04EC0-301F-11D3-BF4B-00C04F79EFBC}") = "Poe2scout.UniquePriceLog.Worker", "Poe2scout.UniquePriceLog.Worker\Poe2scout.UniquePriceLog.Worker.csproj", "{B7B84020-8AE1-4B0B-AEE9-2E1ACFBB6D50}"
EndProject
Project("{FAE04EC0-301F-11D3-BF4B-00C04F79EFBC}") = "Poe2scout.UniquePriceLog.Worker.Tests", "Poe2scout.UniquePriceLog.Worker.Tests\Poe2scout.UniquePriceLog.Worker.Tests.csproj", "{5A9B4C18-7290-4D8C-88FA-2EF1B20D4439}"
EndProject
Project("{FAE04EC0-301F-11D3-BF4B-00C04F79EFBC}") = "Poe2scout.ItemSync.Worker", "Poe2scout.ItemSync.Worker\Poe2scout.ItemSync.Worker.csproj", "{C1E6D1B7-6C9A-4C51-A87E-9E19D3A0E4F1}"
EndProject
Project("{FAE04EC0-301F-11D3-BF4B-00C04F79EFBC}") = "Poe2scout.ItemSync.Worker.Tests", "Poe2scout.ItemSync.Worker.Tests\Poe2scout.ItemSync.Worker.Tests.csproj", "{D5B3F9C2-8B6E-4A52-9B2D-1F3E7C0A6D84}"
EndProject
Project("{FAE04EC0-301F-11D3-BF4B-00C04F79EFBC}") = "Poe2scout.CurrencyExchange.Worker", "Poe2scout.CurrencyExchange.Worker\Poe2scout.CurrencyExchange.Worker.csproj", "{F7E94B0A-0D1B-4D4E-B4F6-5C2A94AEB4AF}"
EndProject
Project("{FAE04EC0-301F-11D3-BF4B-00C04F79EFBC}") = "Poe2scout.CurrencyExchange.Worker.Tests", "Poe2scout.CurrencyExchange.Worker.Tests\Poe2scout.CurrencyExchange.Worker.Tests.csproj", "{EE3D2F47-BE94-4F93-9DA1-EB1C1E6C5B76}"
EndProject
Project("{2150E333-8FDC-42A3-9474-1A3956D46DE8}") = "1 Core", "1 Core", "{A6019E29-CC85-4765-B8D0-412DC0D0B1E5}"
EndProject
Project("{2150E333-8FDC-42A3-9474-1A3956D46DE8}") = "2 Workers", "2 Workers", "{70B3D316-8775-4C61-8C2C-F9B43D57DC8E}"
EndProject
Project("{2150E333-8FDC-42A3-9474-1A3956D46DE8}") = "9 Tests", "9 Tests", "{CACC76C3-0227-4C05-A07F-85C17CD1A7EB}"
EndProject
Global
	GlobalSection(SolutionConfigurationPlatforms) = preSolution
		Debug|Any CPU = Debug|Any CPU
		Release|Any CPU = Release|Any CPU
	EndGlobalSection
	GlobalSection(ProjectConfigurationPlatforms) = postSolution
		{252B7BFE-93B4-4A5C-944A-A1DC4A327D8C}.Debug|Any CPU.ActiveCfg = Debug|Any CPU
		{252B7BFE-93B4-4A5C-944A-A1DC4A327D8C}.Debug|Any CPU.Build.0 = Debug|Any CPU
		{252B7BFE-93B4-4A5C-944A-A1DC4A327D8C}.Release|Any CPU.ActiveCfg = Release|Any CPU
		{252B7BFE-93B4-4A5C-944A-A1DC4A327D8C}.Release|Any CPU.Build.0 = Release|Any CPU
		{30AABAFF-1700-44EB-8AC8-048DBE485670}.Debug|Any CPU.ActiveCfg = Debug|Any CPU
		{30AABAFF-1700-44EB-8AC8-048DBE485670}.Debug|Any CPU.Build.0 = Debug|Any CPU
		{30AABAFF-1700-44EB-8AC8-048DBE485670}.Release|Any CPU.ActiveCfg = Release|Any CPU
		{30AABAFF-1700-44EB-8AC8-048DBE485670}.Release|Any CPU.Build.0 = Release|Any CPU
		{A907D0AA-A648-4492-B723-2643760672AF}.Debug|Any CPU.ActiveCfg = Debug|Any CPU
		{A907D0AA-A648-4492-B723-2643760672AF}.Debug|Any CPU.Build.0 = Debug|Any CPU
		{A907D0AA-A648-4492-B723-2643760672AF}.Release|Any CPU.ActiveCfg = Release|Any CPU
		{A907D0AA-A648-4492-B723-2643760672AF}.Release|Any CPU.Build.0 = Release|Any CPU
		{04D66291-4A9D-478E-B08D-0EE3767E1F71}.Debug|Any CPU.ActiveCfg = Debug|Any CPU
		{04D66291-4A9D-478E-B08D-0EE3767E1F71}.Debug|Any CPU.Build.0 = Debug|Any CPU
		{04D66291-4A9D-478E-B08D-0EE3767E1F71}.Release|Any CPU.ActiveCfg = Release|Any CPU
		{04D66291-4A9D-478E-B08D-0EE3767E1F71}.Release|Any CPU.Build.0 = Release|Any CPU
		{571C6732-E8B9-44D8-B13F-ED895C05EC08}.Debug|Any CPU.ActiveCfg = Debug|Any CPU
		{571C6732-E8B9-44D8-B13F-ED895C05EC08}.Debug|Any CPU.Build.0 = Debug|Any CPU
		{571C6732-E8B9-44D8-B13F-ED895C05EC08}.Release|Any CPU.ActiveCfg = Release|Any CPU
		{571C6732-E8B9-44D8-B13F-ED895C05EC08}.Release|Any CPU.Build.0 = Release|Any CPU
		{B7B84020-8AE1-4B0B-AEE9-2E1ACFBB6D50}.Debug|Any CPU.ActiveCfg = Debug|Any CPU
		{B7B84020-8AE1-4B0B-AEE9-2E1ACFBB6D50}.Debug|Any CPU.Build.0 = Debug|Any CPU
		{B7B84020-8AE1-4B0B-AEE9-2E1ACFBB6D50}.Release|Any CPU.ActiveCfg = Release|Any CPU
		{B7B84020-8AE1-4B0B-AEE9-2E1ACFBB6D50}.Release|Any CPU.Build.0 = Release|Any CPU
		{5A9B4C18-7290-4D8C-88FA-2EF1B20D4439}.Debug|Any CPU.ActiveCfg = Debug|Any CPU
		{5A9B4C18-7290-4D8C-88FA-2EF1B20D4439}.Debug|Any CPU.Build.0 = Debug|Any CPU
		{5A9B4C18-7290-4D8C-88FA-2EF1B20D4439}.Release|Any CPU.ActiveCfg = Release|Any CPU
		{5A9B4C18-7290-4D8C-88FA-2EF1B20D4439}.Release|Any CPU.Build.0 = Release|Any CPU
		{C1E6D1B7-6C9A-4C51-A87E-9E19D3A0E4F1}.Debug|Any CPU.ActiveCfg = Debug|Any CPU
		{C1E6D1B7-6C9A-4C51-A87E-9E19D3A0E4F1}.Debug|Any CPU.Build.0 = Debug|Any CPU
		{C1E6D1B7-6C9A-4C51-A87E-9E19D3A0E4F1}.Release|Any CPU.ActiveCfg = Release|Any CPU
		{C1E6D1B7-6C9A-4C51-A87E-9E19D3A0E4F1}.Release|Any CPU.Build.0 = Release|Any CPU
		{D5B3F9C2-8B6E-4A52-9B2D-1F3E7C0A6D84}.Debug|Any CPU.ActiveCfg = Debug|Any CPU
		{D5B3F9C2-8B6E-4A52-9B2D-1F3E7C0A6D84}.Debug|Any CPU.Build.0 = Debug|Any CPU
		{D5B3F9C2-8B6E-4A52-9B2D-1F3E7C0A6D84}.Release|Any CPU.ActiveCfg = Release|Any CPU
		{D5B3F9C2-8B6E-4A52-9B2D-1F3E7C0A6D84}.Release|Any CPU.Build.0 = Release|Any CPU
		{F7E94B0A-0D1B-4D4E-B4F6-5C2A94AEB4AF}.Debug|Any CPU.ActiveCfg = Debug|Any CPU
		{F7E94B0A-0D1B-4D4E-B4F6-5C2A94AEB4AF}.Debug|Any CPU.Build.0 = Debug|Any CPU
		{F7E94B0A-0D1B-4D4E-B4F6-5C2A94AEB4AF}.Release|Any CPU.ActiveCfg = Release|Any CPU
		{F7E94B0A-0D1B-4D4E-B4F6-5C2A94AEB4AF}.Release|Any CPU.Build.0 = Release|Any CPU
		{EE3D2F47-BE94-4F93-9DA1-EB1C1E6C5B76}.Debug|Any CPU.ActiveCfg = Debug|Any CPU
		{EE3D2F47-BE94-4F93-9DA1-EB1C1E6C5B76}.Debug|Any CPU.Build.0 = Debug|Any CPU
		{EE3D2F47-BE94-4F93-9DA1-EB1C1E6C5B76}.Release|Any CPU.ActiveCfg = Release|Any CPU
		{EE3D2F47-BE94-4F93-9DA1-EB1C1E6C5B76}.Release|Any CPU.Build.0 = Release|Any CPU
	EndGlobalSection
	GlobalSection(NestedProjects) = preSolution
		{30AABAFF-1700-44EB-8AC8-048DBE485670} = {A6019E29-CC85-4765-B8D0-412DC0D0B1E5}
		{252B7BFE-93B4-4A5C-944A-A1DC4A327D8C} = {A6019E29-CC85-4765-B8D0-412DC0D0B1E5}
		{A907D0AA-A648-4492-B723-2643760672AF} = {CACC76C3-0227-4C05-A07F-85C17CD1A7EB}
		{F7E94B0A-0D1B-4D4E-B4F6-5C2A94AEB4AF} = {70B3D316-8775-4C61-8C2C-F9B43D57DC8E}
		{5A9B4C18-7290-4D8C-88FA-2EF1B20D4439} = {CACC76C3-0227-4C05-A07F-85C17CD1A7EB}
		{D5B3F9C2-8B6E-4A52-9B2D-1F3E7C0A6D84} = {CACC76C3-0227-4C05-A07F-85C17CD1A7EB}
		{571C6732-E8B9-44D8-B13F-ED895C05EC08} = {CACC76C3-0227-4C05-A07F-85C17CD1A7EB}
		{EE3D2F47-BE94-4F93-9DA1-EB1C1E6C5B76} = {CACC76C3-0227-4C05-A07F-85C17CD1A7EB}
		{04D66291-4A9D-478E-B08D-0EE3767E1F71} = {70B3D316-8775-4C61-8C2C-F9B43D57DC8E}
		{C1E6D1B7-6C9A-4C51-A87E-9E19D3A0E4F1} = {70B3D316-8775-4C61-8C2C-F9B43D57DC8E}
		{B7B84020-8AE1-4B0B-AEE9-2E1ACFBB6D50} = {70B3D316-8775-4C61-8C2C-F9B43D57DC8E}
	EndGlobalSection
EndGlobal
